
Microsoft Visual Studio Solution File, Format Version 12.00
# Visual Studio Version 17
VisualStudioVersion = 17.5.002.0
MinimumVisualStudioVersion = 10.0.40219.1
Project("{9A19103F-16F7-4668-BE54-9A1E7A4F7556}") = "EntityFrameworkDemo0", "EntityFrameworkDemo0.csproj", "{CA4E291B-1257-48BE-9B58-D91D783C3FFF}"
EndProject
Global
	GlobalSection(SolutionConfigurationPlatforms) = preSolution
		Debug|Any CPU = Debug|Any CPU
		Release|Any CPU = Release|Any CPU
	EndGlobalSection
	GlobalSection(ProjectConfigurationPlatforms) = postSolution
		{CA4E291B-1257-48BE-9B58-D91D783C3FFF}.Debug|Any CPU.ActiveCfg = Debug|Any CPU
		{CA4E291B-1257-48BE-9B58-D91D783C3FFF}.Debug|Any CPU.Build.0 = Debug|Any CPU
		{CA4E291B-1257-48BE-9B58-D91D783C3FFF}.Release|Any CPU.ActiveCfg = Release|Any CPU
		{CA4E291B-1257-48BE-9B58-D91D783C3FFF}.Release|Any CPU.Build.0 = Release|Any CPU
	EndGlobalSection
	GlobalSection(SolutionProperties) = preSolution
		HideSolutionNode = FALSE
	EndGlobalSection
	GlobalSection(ExtensibilityGlobals) = postSolution
		SolutionGuid = {6903562D-9A97-4885-82A0-71A2A027EB04}
	EndGlobalSection
EndGlobal
